// !$*UTF8*$!
{
	archiveVersion = 1;
	classes = {
	};
	objectVersion = 50;
	objects = {

/* Begin PBXBuildFile section */
		CE7054AC241CBC4300CEB656 /* AppDelegate.swift in Sources */ = {isa = PBXBuildFile; fileRef = CE7054AB241CBC4300CEB656 /* AppDelegate.swift */; };
		CE7054AE241CBC4300CEB656 /* SceneDelegate.swift in Sources */ = {isa = PBXBuildFile; fileRef = CE7054AD241CBC4300CEB656 /* SceneDelegate.swift */; };
		CE7054B3241CBC4300CEB656 /* Main.storyboard in Resources */ = {isa = PBXBuildFile; fileRef = CE7054B1241CBC4300CEB656 /* Main.storyboard */; };
		CE7054B5241CBC4300CEB656 /* Assets.xcassets in Resources */ = {isa = PBXBuildFile; fileRef = CE7054B4241CBC4300CEB656 /* Assets.xcassets */; };
		CE7054B8241CBC4300CEB656 /* LaunchScreen.storyboard in Resources */ = {isa = PBXBuildFile; fileRef = CE7054B6241CBC4300CEB656 /* LaunchScreen.storyboard */; };
		CE7054C3241CBF9D00CEB656 /* OrdersTableViewController.swift in Sources */ = {isa = PBXBuildFile; fileRef = CE7054C2241CBF9D00CEB656 /* OrdersTableViewController.swift */; };
		CE7054C5241CBFFA00CEB656 /* AddOrderViewController.swift in Sources */ = {isa = PBXBuildFile; fileRef = CE7054C4241CBFFA00CEB656 /* AddOrderViewController.swift */; };
		CE7054C8241CC81F00CEB656 /* WebService.swift in Sources */ = {isa = PBXBuildFile; fileRef = CE7054C7241CC81F00CEB656 /* WebService.swift */; };
		CE7054CB241CCBB100CEB656 /* Order.swift in Sources */ = {isa = PBXBuildFile; fileRef = CE7054CA241CCBB100CEB656 /* Order.swift */; };
/* End PBXBuildFile section */

/* Begin PBXFileReference section */
		CE7054A8241CBC4300CEB656 /* swift-coffee.app */ = {isa = PBXFileReference; explicitFileType = wrapper.application; includeInIndex = 0; path = "swift-coffee.app"; sourceTree = BUILT_PRODUCTS_DIR; };
		CE7054AB241CBC4300CEB656 /* AppDelegate.swift */ = {isa = PBXFileReference; lastKnownFileType = sourcecode.swift; path = AppDelegate.swift; sourceTree = "<group>"; };
		CE7054AD241CBC4300CEB656 /* SceneDelegate.swift */ = {isa = PBXFileReference; lastKnownFileType = sourcecode.swift; path = SceneDelegate.swift; sourceTree = "<group>"; };
		CE7054B2241CBC4300CEB656 /* Base */ = {isa = PBXFileReference; lastKnownFileType = file.storyboard; name = Base; path = Base.lproj/Main.storyboard; sourceTree = "<group>"; };
		CE7054B4241CBC4300CEB656 /* Assets.xcassets */ = {isa = PBXFileReference; lastKnownFileType = folder.assetcatalog; path = Assets.xcassets; sourceTree = "<group>"; };
		CE7054B7241CBC4300CEB656 /* Base */ = {isa = PBXFileReference; lastKnownFileType = file.storyboard; name = Base; path = Base.lproj/LaunchScreen.storyboard; sourceTree = "<group>"; };
		CE7054B9241CBC4300CEB656 /* Info.plist */ = {isa = PBXFileReference; lastKnownFileType = text.plist.xml; path = Info.plist; sourceTree = "<group>"; };
		CE7054BF241CBC9100CEB656 /* README.md */ = {isa = PBXFileReference; lastKnownFileType = net.daringfireball.markdown; path = README.md; sourceTree = "<group>"; };
		CE7054C0241CBCC600CEB656 /* .gitignore */ = {isa = PBXFileReference; lastKnownFileType = text; path = .gitignore; sourceTree = "<group>"; };
		CE7054C2241CBF9D00CEB656 /* OrdersTableViewController.swift */ = {isa = PBXFileReference; lastKnownFileType = sourcecode.swift; path = OrdersTableViewController.swift; sourceTree = "<group>"; };
		CE7054C4241CBFFA00CEB656 /* AddOrderViewController.swift */ = {isa = PBXFileReference; lastKnownFileType = sourcecode.swift; path = AddOrderViewController.swift; sourceTree = "<group>"; };
		CE7054C7241CC81F00CEB656 /* WebService.swift */ = {isa = PBXFileReference; lastKnownFileType = sourcecode.swift; path = WebService.swift; sourceTree = "<group>"; };
		CE7054CA241CCBB100CEB656 /* Order.swift */ = {isa = PBXFileReference; lastKnownFileType = sourcecode.swift; path = Order.swift; sourceTree = "<group>"; };
/* End PBXFileReference section */

/* Begin PBXFrameworksBuildPhase section */
		CE7054A5241CBC4300CEB656 /* Frameworks */ = {
			isa = PBXFrameworksBuildPhase;
			buildActionMask = 2147483647;
			files = (
			);
			runOnlyForDeploymentPostprocessing = 0;
		};
/* End PBXFrameworksBuildPhase section */

/* Begin PBXGroup section */
		CE70549F241CBC4300CEB656 = {
			isa = PBXGroup;
			children = (
				CE7054AA241CBC4300CEB656 /* swift-coffee */,
				CE7054A9241CBC4300CEB656 /* Products */,
				CE7054C0241CBCC600CEB656 /* .gitignore */,
				CE7054BF241CBC9100CEB656 /* README.md */,
			);
			sourceTree = "<group>";
		};
		CE7054A9241CBC4300CEB656 /* Products */ = {
			isa = PBXGroup;
			children = (
				CE7054A8241CBC4300CEB656 /* swift-coffee.app */,
			);
			name = Products;
			sourceTree = "<group>";
		};
		CE7054AA241CBC4300CEB656 /* swift-coffee */ = {
			isa = PBXGroup;
			children = (
				CE7054C9241CCB9400CEB656 /* Models */,
				CE7054C6241CC80000CEB656 /* Services */,
				CE7054C1241CBCF600CEB656 /* Controllers */,
				CE7054AB241CBC4300CEB656 /* AppDelegate.swift */,
				CE7054AD241CBC4300CEB656 /* SceneDelegate.swift */,
				CE7054B1241CBC4300CEB656 /* Main.storyboard */,
				CE7054B4241CBC4300CEB656 /* Assets.xcassets */,
				CE7054B6241CBC4300CEB656 /* LaunchScreen.storyboard */,
				CE7054B9241CBC4300CEB656 /* Info.plist */,
			);
			path = "swift-coffee";
			sourceTree = "<group>";
		};
		CE7054C1241CBCF600CEB656 /* Controllers */ = {
			isa = PBXGroup;
			children = (
				CE7054C2241CBF9D00CEB656 /* OrdersTableViewController.swift */,
				CE7054C4241CBFFA00CEB656 /* AddOrderViewController.swift */,
			);
			path = Controllers;
			sourceTree = "<group>";
		};
		CE7054C6241CC80000CEB656 /* Services */ = {
			isa = PBXGroup;
			children = (
				CE7054C7241CC81F00CEB656 /* WebService.swift */,
			);
			path = Services;
			sourceTree = "<group>";
		};
		CE7054C9241CCB9400CEB656 /* Models */ = {
			isa = PBXGroup;
			children = (
				CE7054CA241CCBB100CEB656 /* Order.swift */,
			);
			path = Models;
			sourceTree = "<group>";
		};
/* End PBXGroup section */

/* Begin PBXNativeTarget section */
		CE7054A7241CBC4300CEB656 /* swift-coffee */ = {
			isa = PBXNativeTarget;
			buildConfigurationList = CE7054BC241CBC4300CEB656 /* Build configuration list for PBXNativeTarget "swift-coffee" */;
			buildPhases = (
				CE7054A4241CBC4300CEB656 /* Sources */,
				CE7054A5241CBC4300CEB656 /* Frameworks */,
				CE7054A6241CBC4300CEB656 /* Resources */,
			);
			buildRules = (
			);
			dependencies = (
			);
			name = "swift-coffee";
			productName = "swift-coffee";
			productReference = CE7054A8241CBC4300CEB656 /* swift-coffee.app */;
			productType = "com.apple.product-type.application";
		};
/* End PBXNativeTarget section */

/* Begin PBXProject section */
		CE7054A0241CBC4300CEB656 /* Project object */ = {
			isa = PBXProject;
			attributes = {
				LastSwiftUpdateCheck = 1130;
				LastUpgradeCheck = 1130;
				ORGANIZATIONNAME = NTUB;
				TargetAttributes = {
					CE7054A7241CBC4300CEB656 = {
						CreatedOnToolsVersion = 11.3.1;
					};
				};
			};
			buildConfigurationList = CE7054A3241CBC4300CEB656 /* Build configuration list for PBXProject "swift-coffee" */;
			compatibilityVersion = "Xcode 9.3";
			developmentRegion = en;
			hasScannedForEncodings = 0;
			knownRegions = (
				en,
				Base,
			);
			mainGroup = CE70549F241CBC4300CEB656;
			productRefGroup = CE7054A9241CBC4300CEB656 /* Products */;
			projectDirPath = "";
			projectRoot = "";
			targets = (
				CE7054A7241CBC4300CEB656 /* swift-coffee */,
			);
		};
/* End PBXProject section */

/* Begin PBXResourcesBuildPhase section */
		CE7054A6241CBC4300CEB656 /* Resources */ = {
			isa = PBXResourcesBuildPhase;
			buildActionMask = 2147483647;
			files = (
				CE7054B8241CBC4300CEB656 /* LaunchScreen.storyboard in Resources */,
				CE7054B5241CBC4300CEB656 /* Assets.xcassets in Resources */,
				CE7054B3241CBC4300CEB656 /* Main.storyboard in Resources */,
			);
			runOnlyForDeploymentPostprocessing = 0;
		};
/* End PBXResourcesBuildPhase section */

/* Begin PBXSourcesBuildPhase section */
		CE7054A4241CBC4300CEB656 /* Sources */ = {
			isa = PBXSourcesBuildPhase;
			buildActionMask = 2147483647;
			files = (
				CE7054CB241CCBB100CEB656 /* Order.swift in Sources */,
				CE7054AC241CBC4300CEB656 /* AppDelegate.swift in Sources */,
				CE7054AE241CBC4300CEB656 /* SceneDelegate.swift in Sources */,
				CE7054C3241CBF9D00CEB656 /* OrdersTableViewController.swift in Sources */,
				CE7054C8241CC81F00CEB656 /* WebService.swift in Sources */,
				CE7054C5241CBFFA00CEB656 /* AddOrderViewController.swift in Sources */,
			);
			runOnlyForDeploymentPostprocessing = 0;
		};
/* End PBXSourcesBuildPhase section */

/* Begin PBXVariantGroup section */
		CE7054B1241CBC4300CEB656 /* Main.storyboard */ = {
			isa = PBXVariantGroup;
			children = (
				CE7054B2241CBC4300CEB656 /* Base */,
			);
			name = Main.storyboard;
			sourceTree = "<group>";
		};
		CE7054B6241CBC4300CEB656 /* LaunchScreen.storyboard */ = {
			isa = PBXVariantGroup;
			children = (
				CE7054B7241CBC4300CEB656 /* Base */,
			);
			name = LaunchScreen.storyboard;
			sourceTree = "<group>";
		};
/* End PBXVariantGroup section */

/* Begin XCBuildConfiguration section */
		CE7054BA241CBC4300CEB656 /* Debug */ = {
			isa = XCBuildConfiguration;
			buildSettings = {
				ALWAYS_SEARCH_USER_PATHS = NO;
				CLANG_ANALYZER_NONNULL = YES;
				CLANG_ANALYZER_NUMBER_OBJECT_CONVERSION = YES_AGGRESSIVE;
				CLANG_CXX_LANGUAGE_STANDARD = "gnu++14";
				CLANG_CXX_LIBRARY = "libc++";
				CLANG_ENABLE_MODULES = YES;
				CLANG_ENABLE_OBJC_ARC = YES;
				CLANG_ENABLE_OBJC_WEAK = YES;
				CLANG_WARN_BLOCK_CAPTURE_AUTORELEASING = YES;
				CLANG_WARN_BOOL_CONVERSION = YES;
				CLANG_WARN_COMMA = YES;
				CLANG_WARN_CONSTANT_CONVERSION = YES;
				CLANG_WARN_DEPRECATED_OBJC_IMPLEMENTATIONS = YES;
				CLANG_WARN_DIRECT_OBJC_ISA_USAGE = YES_ERROR;
				CLANG_WARN_DOCUMENTATION_COMMENTS = YES;
				CLANG_WARN_EMPTY_BODY = YES;
				CLANG_WARN_ENUM_CONVERSION = YES;
				CLANG_WARN_INFINITE_RECURSION = YES;
				CLANG_WARN_INT_CONVERSION = YES;
				CLANG_WARN_NON_LITERAL_NULL_CONVERSION = YES;
				CLANG_WARN_OBJC_IMPLICIT_RETAIN_SELF = YES;
				CLANG_WARN_OBJC_LITERAL_CONVERSION = YES;
				CLANG_WARN_OBJC_ROOT_CLASS = YES_ERROR;
				CLANG_WARN_RANGE_LOOP_ANALYSIS = YES;
				CLANG_WARN_STRICT_PROTOTYPES = YES;
				CLANG_WARN_SUSPICIOUS_MOVE = YES;
				CLANG_WARN_UNGUARDED_AVAILABILITY = YES_AGGRESSIVE;
				CLANG_WARN_UNREACHABLE_CODE = YES;
				CLANG_WARN__DUPLICATE_METHOD_MATCH = YES;
				COPY_PHASE_STRIP = NO;
				DEBUG_INFORMATION_FORMAT = dwarf;
				ENABLE_STRICT_OBJC_MSGSEND = YES;
				ENABLE_TESTABILITY = YES;
				GCC_C_LANGUAGE_STANDARD = gnu11;
				GCC_DYNAMIC_NO_PIC = NO;
				GCC_NO_COMMON_BLOCKS = YES;
				GCC_OPTIMIZATION_LEVEL = 0;
				GCC_PREPROCESSOR_DEFINITIONS = (
					"DEBUG=1",
					"$(inherited)",
				);
				GCC_WARN_64_TO_32_BIT_CONVERSION = YES;
				GCC_WARN_ABOUT_RETURN_TYPE = YES_ERROR;
				GCC_WARN_UNDECLARED_SELECTOR = YES;
				GCC_WARN_UNINITIALIZED_AUTOS = YES_AGGRESSIVE;
				GCC_WARN_UNUSED_FUNCTION = YES;
				GCC_WARN_UNUSED_VARIABLE = YES;
				IPHONEOS_DEPLOYMENT_TARGET = 13.2;
				MTL_ENABLE_DEBUG_INFO = INCLUDE_SOURCE;
				MTL_FAST_MATH = YES;
				ONLY_ACTIVE_ARCH = YES;
				SDKROOT = iphoneos;
				SWIFT_ACTIVE_COMPILATION_CONDITIONS = DEBUG;
				SWIFT_OPTIMIZATION_LEVEL = "-Onone";
			};
			name = Debug;
		};
		CE7054BB241CBC4300CEB656 /* Release */ = {
			isa = XCBuildConfiguration;
			buildSettings = {
				ALWAYS_SEARCH_USER_PATHS = NO;
				CLANG_ANALYZER_NONNULL = YES;
				CLANG_ANALYZER_NUMBER_OBJECT_CONVERSION = YES_AGGRESSIVE;
				CLANG_CXX_LANGUAGE_STANDARD = "gnu++14";
				CLANG_CXX_LIBRARY = "libc++";
				CLANG_ENABLE_MODULES = YES;
				CLANG_ENABLE_OBJC_ARC = YES;
				CLANG_ENABLE_OBJC_WEAK = YES;
				CLANG_WARN_BLOCK_CAPTURE_AUTORELEASING = YES;
				CLANG_WARN_BOOL_CONVERSION = YES;
				CLANG_WARN_COMMA = YES;
				CLANG_WARN_CONSTANT_CONVERSION = YES;
				CLANG_WARN_DEPRECATED_OBJC_IMPLEMENTATIONS = YES;
				CLANG_WARN_DIRECT_OBJC_ISA_USAGE = YES_ERROR;
				CLANG_WARN_DOCUMENTATION_COMMENTS = YES;
				CLANG_WARN_EMPTY_BODY = YES;
				CLANG_WARN_ENUM_CONVERSION = YES;
				CLANG_WARN_INFINITE_RECURSION = YES;
				CLANG_WARN_INT_CONVERSION = YES;
				CLANG_WARN_NON_LITERAL_NULL_CONVERSION = YES;
				CLANG_WARN_OBJC_IMPLICIT_RETAIN_SELF = YES;
				CLANG_WARN_OBJC_LITERAL_CONVERSION = YES;
				CLANG_WARN_OBJC_ROOT_CLASS = YES_ERROR;
				CLANG_WARN_RANGE_LOOP_ANALYSIS = YES;
				CLANG_WARN_STRICT_PROTOTYPES = YES;
				CLANG_WARN_SUSPICIOUS_MOVE = YES;
				CLANG_WARN_UNGUARDED_AVAILABILITY = YES_AGGRESSIVE;
				CLANG_WARN_UNREACHABLE_CODE = YES;
				CLANG_WARN__DUPLICATE_METHOD_MATCH = YES;
				COPY_PHASE_STRIP = NO;
				DEBUG_INFORMATION_FORMAT = "dwarf-with-dsym";
				ENABLE_NS_ASSERTIONS = NO;
				ENABLE_STRICT_OBJC_MSGSEND = YES;
				GCC_C_LANGUAGE_STANDARD = gnu11;
				GCC_NO_COMMON_BLOCKS = YES;
				GCC_WARN_64_TO_32_BIT_CONVERSION = YES;
				GCC_WARN_ABOUT_RETURN_TYPE = YES_ERROR;
				GCC_WARN_UNDECLARED_SELECTOR = YES;
				GCC_WARN_UNINITIALIZED_AUTOS = YES_AGGRESSIVE;
				GCC_WARN_UNUSED_FUNCTION = YES;
				GCC_WARN_UNUSED_VARIABLE = YES;
				IPHONEOS_DEPLOYMENT_TARGET = 13.2;
				MTL_ENABLE_DEBUG_INFO = NO;
				MTL_FAST_MATH = YES;
				SDKROOT = iphoneos;
				SWIFT_COMPILATION_MODE = wholemodule;
				SWIFT_OPTIMIZATION_LEVEL = "-O";
				VALIDATE_PRODUCT = YES;
			};
			name = Release;
		};
		CE7054BD241CBC4300CEB656 /* Debug */ = {
			isa = XCBuildConfiguration;
			buildSettings = {
				ASSETCATALOG_COMPILER_APPICON_NAME = AppIcon;
				CODE_SIGN_STYLE = Automatic;
				INFOPLIST_FILE = "swift-coffee/Info.plist";
				LD_RUNPATH_SEARCH_PATHS = (
					"$(inherited)",
					"@executable_path/Frameworks",
				);
				PRODUCT_BUNDLE_IDENTIFIER = "edu.ntub.swift-coffee";
				PRODUCT_NAME = "$(TARGET_NAME)";
				SWIFT_VERSION = 5.0;
				TARGETED_DEVICE_FAMILY = "1,2";
			};
			name = Debug;
		};
		CE7054BE241CBC4300CEB656 /* Release */ = {
			isa = XCBuildConfiguration;
			buildSettings = {
				ASSETCATALOG_COMPILER_APPICON_NAME = AppIcon;
				CODE_SIGN_STYLE = Automatic;
				INFOPLIST_FILE = "swift-coffee/Info.plist";
				LD_RUNPATH_SEARCH_PATHS = (
					"$(inherited)",
					"@executable_path/Frameworks",
				);
				PRODUCT_BUNDLE_IDENTIFIER = "edu.ntub.swift-coffee";
				PRODUCT_NAME = "$(TARGET_NAME)";
				SWIFT_VERSION = 5.0;
				TARGETED_DEVICE_FAMILY = "1,2";
			};
			name = Release;
		};
/* End XCBuildConfiguration section */

/* Begin XCConfigurationList section */
		CE7054A3241CBC4300CEB656 /* Build configuration list for PBXProject "swift-coffee" */ = {
			isa = XCConfigurationList;
			buildConfigurations = (
				CE7054BA241CBC4300CEB656 /* Debug */,
				CE7054BB241CBC4300CEB656 /* Release */,
			);
			defaultConfigurationIsVisible = 0;
			defaultConfigurationName = Release;
		};
		CE7054BC241CBC4300CEB656 /* Build configuration list for PBXNativeTarget "swift-coffee" */ = {
			isa = XCConfigurationList;
			buildConfigurations = (
				CE7054BD241CBC4300CEB656 /* Debug */,
				CE7054BE241CBC4300CEB656 /* Release */,
			);
			defaultConfigurationIsVisible = 0;
			defaultConfigurationName = Release;
		};
/* End XCConfigurationList section */
	};
	rootObject = CE7054A0241CBC4300CEB656 /* Project object */;
}
